// !$*UTF8*$!
{
	archiveVersion = 1;
	classes = {
	};
	objectVersion = 50;
	objects = {

/* Begin PBXBuildFile section */
		5623464C22C464EC00BB9E63 /* Montserrat-SemiBoldItalic.otf in Resources */ = {isa = PBXBuildFile; fileRef = 5623464A22C464EC00BB9E63 /* Montserrat-SemiBoldItalic.otf */; };
		5623464D22C464EC00BB9E63 /* Montserrat-LightItalic.otf in Resources */ = {isa = PBXBuildFile; fileRef = 5623464B22C464EC00BB9E63 /* Montserrat-LightItalic.otf */; };
		562F90CB22C0716E00F9EE84 /* CollectionViewCell.swift in Sources */ = {isa = PBXBuildFile; fileRef = 562F90CA22C0716E00F9EE84 /* CollectionViewCell.swift */; };
		56648CCA22C339CC00AD4C49 /* HeadlinerNo.45 DEMO.ttf in Resources */ = {isa = PBXBuildFile; fileRef = 56648CC922C339CC00AD4C49 /* HeadlinerNo.45 DEMO.ttf */; };
		56648D1722C33D8900AD4C49 /* Montserrat-Bold.otf in Resources */ = {isa = PBXBuildFile; fileRef = 56648D1422C33D8900AD4C49 /* Montserrat-Bold.otf */; };
		56648D1822C33D8900AD4C49 /* Montserrat-BoldItalic.otf in Resources */ = {isa = PBXBuildFile; fileRef = 56648D1522C33D8900AD4C49 /* Montserrat-BoldItalic.otf */; };
		56648D1922C33D8900AD4C49 /* Montserrat-Medium.otf in Resources */ = {isa = PBXBuildFile; fileRef = 56648D1622C33D8900AD4C49 /* Montserrat-Medium.otf */; };
		56648D1B22C340A400AD4C49 /* rounded.swift in Sources */ = {isa = PBXBuildFile; fileRef = 56648D1A22C340A400AD4C49 /* rounded.swift */; };
		56650A9A22C0227B005DCBD3 /* AppDelegate.swift in Sources */ = {isa = PBXBuildFile; fileRef = 56650A9922C0227B005DCBD3 /* AppDelegate.swift */; };
		56650A9C22C0227B005DCBD3 /* ViewController.swift in Sources */ = {isa = PBXBuildFile; fileRef = 56650A9B22C0227B005DCBD3 /* ViewController.swift */; };
		56650A9F22C0227B005DCBD3 /* Main.storyboard in Resources */ = {isa = PBXBuildFile; fileRef = 56650A9D22C0227B005DCBD3 /* Main.storyboard */; };
		56650AA122C0227E005DCBD3 /* Assets.xcassets in Resources */ = {isa = PBXBuildFile; fileRef = 56650AA022C0227E005DCBD3 /* Assets.xcassets */; };
		56650AA422C0227E005DCBD3 /* LaunchScreen.storyboard in Resources */ = {isa = PBXBuildFile; fileRef = 56650AA222C0227E005DCBD3 /* LaunchScreen.storyboard */; };
		56650AAF22C0230B005DCBD3 /* Model.swift in Sources */ = {isa = PBXBuildFile; fileRef = 56650AAE22C0230B005DCBD3 /* Model.swift */; };
		56650AB122C0231E005DCBD3 /* Ingrediente.swift in Sources */ = {isa = PBXBuildFile; fileRef = 56650AB022C0231E005DCBD3 /* Ingrediente.swift */; };
		56650AB322C02328005DCBD3 /* Rceita.swift in Sources */ = {isa = PBXBuildFile; fileRef = 56650AB222C02328005DCBD3 /* Rceita.swift */; };
		5679DCA822C5429000F20605 /* FavoritosCellTableViewCell.swift in Sources */ = {isa = PBXBuildFile; fileRef = 5679DCA722C5429000F20605 /* FavoritosCellTableViewCell.swift */; };
		5679DCAE22C677A600F20605 /* NavigationViewController.swift in Sources */ = {isa = PBXBuildFile; fileRef = 5679DCAD22C677A600F20605 /* NavigationViewController.swift */; };
		5687451C22C14987003F3634 /* ReceitasTableViewController.swift in Sources */ = {isa = PBXBuildFile; fileRef = 5687451B22C14987003F3634 /* ReceitasTableViewController.swift */; };
		5687451E22C149D6003F3634 /* TableViewCell.swift in Sources */ = {isa = PBXBuildFile; fileRef = 5687451D22C149D6003F3634 /* TableViewCell.swift */; };
		5687452022C150FD003F3634 /* DetalheViewController.swift in Sources */ = {isa = PBXBuildFile; fileRef = 5687451F22C150FD003F3634 /* DetalheViewController.swift */; };
		5692086822C534C000F77691 /* FavoritosViewController.swift in Sources */ = {isa = PBXBuildFile; fileRef = 5692086722C534C000F77691 /* FavoritosViewController.swift */; };
/* End PBXBuildFile section */

/* Begin PBXFileReference section */
		5623464A22C464EC00BB9E63 /* Montserrat-SemiBoldItalic.otf */ = {isa = PBXFileReference; lastKnownFileType = file; name = "Montserrat-SemiBoldItalic.otf"; path = "../../../../../../../Downloads/montserrat/Montserrat-SemiBoldItalic.otf"; sourceTree = "<group>"; };
		5623464B22C464EC00BB9E63 /* Montserrat-LightItalic.otf */ = {isa = PBXFileReference; lastKnownFileType = file; name = "Montserrat-LightItalic.otf"; path = "../../../../../../../Downloads/montserrat/Montserrat-LightItalic.otf"; sourceTree = "<group>"; };
		562F90CA22C0716E00F9EE84 /* CollectionViewCell.swift */ = {isa = PBXFileReference; lastKnownFileType = sourcecode.swift; path = CollectionViewCell.swift; sourceTree = "<group>"; };
		56648CC922C339CC00AD4C49 /* HeadlinerNo.45 DEMO.ttf */ = {isa = PBXFileReference; lastKnownFileType = file; path = "HeadlinerNo.45 DEMO.ttf"; sourceTree = "<group>"; };
		56648D1422C33D8900AD4C49 /* Montserrat-Bold.otf */ = {isa = PBXFileReference; lastKnownFileType = file; name = "Montserrat-Bold.otf"; path = "../../../../../../../Downloads/montserrat/Montserrat-Bold.otf"; sourceTree = "<group>"; };
		56648D1522C33D8900AD4C49 /* Montserrat-BoldItalic.otf */ = {isa = PBXFileReference; lastKnownFileType = file; name = "Montserrat-BoldItalic.otf"; path = "../../../../../../../Downloads/montserrat/Montserrat-BoldItalic.otf"; sourceTree = "<group>"; };
		56648D1622C33D8900AD4C49 /* Montserrat-Medium.otf */ = {isa = PBXFileReference; lastKnownFileType = file; name = "Montserrat-Medium.otf"; path = "../../../../../../../Downloads/montserrat/Montserrat-Medium.otf"; sourceTree = "<group>"; };
		56648D1A22C340A400AD4C49 /* rounded.swift */ = {isa = PBXFileReference; lastKnownFileType = sourcecode.swift; path = rounded.swift; sourceTree = "<group>"; };
		56650A9622C0227B005DCBD3 /* ChaosKitchen.app */ = {isa = PBXFileReference; explicitFileType = wrapper.application; includeInIndex = 0; path = ChaosKitchen.app; sourceTree = BUILT_PRODUCTS_DIR; };
		56650A9922C0227B005DCBD3 /* AppDelegate.swift */ = {isa = PBXFileReference; lastKnownFileType = sourcecode.swift; path = AppDelegate.swift; sourceTree = "<group>"; };
		56650A9B22C0227B005DCBD3 /* ViewController.swift */ = {isa = PBXFileReference; lastKnownFileType = sourcecode.swift; path = ViewController.swift; sourceTree = "<group>"; };
		56650A9E22C0227B005DCBD3 /* Base */ = {isa = PBXFileReference; lastKnownFileType = file.storyboard; name = Base; path = Base.lproj/Main.storyboard; sourceTree = "<group>"; };
		56650AA022C0227E005DCBD3 /* Assets.xcassets */ = {isa = PBXFileReference; lastKnownFileType = folder.assetcatalog; path = Assets.xcassets; sourceTree = "<group>"; };
		56650AA322C0227E005DCBD3 /* Base */ = {isa = PBXFileReference; lastKnownFileType = file.storyboard; name = Base; path = Base.lproj/LaunchScreen.storyboard; sourceTree = "<group>"; };
		56650AA522C0227E005DCBD3 /* Info.plist */ = {isa = PBXFileReference; lastKnownFileType = text.plist.xml; path = Info.plist; sourceTree = "<group>"; };
		56650AAE22C0230B005DCBD3 /* Model.swift */ = {isa = PBXFileReference; lastKnownFileType = sourcecode.swift; path = Model.swift; sourceTree = "<group>"; };
		56650AB022C0231E005DCBD3 /* Ingrediente.swift */ = {isa = PBXFileReference; lastKnownFileType = sourcecode.swift; path = Ingrediente.swift; sourceTree = "<group>"; };
		56650AB222C02328005DCBD3 /* Rceita.swift */ = {isa = PBXFileReference; lastKnownFileType = sourcecode.swift; path = Rceita.swift; sourceTree = "<group>"; };
		5679DCA722C5429000F20605 /* FavoritosCellTableViewCell.swift */ = {isa = PBXFileReference; lastKnownFileType = sourcecode.swift; path = FavoritosCellTableViewCell.swift; sourceTree = "<group>"; };
		5679DCAD22C677A600F20605 /* NavigationViewController.swift */ = {isa = PBXFileReference; lastKnownFileType = sourcecode.swift; path = NavigationViewController.swift; sourceTree = "<group>"; };
		5687451B22C14987003F3634 /* ReceitasTableViewController.swift */ = {isa = PBXFileReference; lastKnownFileType = sourcecode.swift; path = ReceitasTableViewController.swift; sourceTree = "<group>"; };
		5687451D22C149D6003F3634 /* TableViewCell.swift */ = {isa = PBXFileReference; lastKnownFileType = sourcecode.swift; path = TableViewCell.swift; sourceTree = "<group>"; };
		5687451F22C150FD003F3634 /* DetalheViewController.swift */ = {isa = PBXFileReference; lastKnownFileType = sourcecode.swift; path = DetalheViewController.swift; sourceTree = "<group>"; };
		5692086722C534C000F77691 /* FavoritosViewController.swift */ = {isa = PBXFileReference; lastKnownFileType = sourcecode.swift; path = FavoritosViewController.swift; sourceTree = "<group>"; };
/* End PBXFileReference section */

/* Begin PBXFrameworksBuildPhase section */
		56650A9322C0227B005DCBD3 /* Frameworks */ = {
			isa = PBXFrameworksBuildPhase;
			buildActionMask = 2147483647;
			files = (
			);
			runOnlyForDeploymentPostprocessing = 0;
		};
/* End PBXFrameworksBuildPhase section */

/* Begin PBXGroup section */
		56648CCB22C33C8200AD4C49 /* Fonts */ = {
			isa = PBXGroup;
			children = (
				56648CC922C339CC00AD4C49 /* HeadlinerNo.45 DEMO.ttf */,
				5623464B22C464EC00BB9E63 /* Montserrat-LightItalic.otf */,
				5623464A22C464EC00BB9E63 /* Montserrat-SemiBoldItalic.otf */,
				56648D1422C33D8900AD4C49 /* Montserrat-Bold.otf */,
				56648D1522C33D8900AD4C49 /* Montserrat-BoldItalic.otf */,
				56648D1622C33D8900AD4C49 /* Montserrat-Medium.otf */,
			);
			path = Fonts;
			sourceTree = "<group>";
		};
		56650A8D22C0227B005DCBD3 = {
			isa = PBXGroup;
			children = (
				56650A9822C0227B005DCBD3 /* ChaosKitchen */,
				56650A9722C0227B005DCBD3 /* Products */,
			);
			sourceTree = "<group>";
		};
		56650A9722C0227B005DCBD3 /* Products */ = {
			isa = PBXGroup;
			children = (
				56650A9622C0227B005DCBD3 /* ChaosKitchen.app */,
			);
			name = Products;
			sourceTree = "<group>";
		};
		56650A9822C0227B005DCBD3 /* ChaosKitchen */ = {
			isa = PBXGroup;
			children = (
				56648CCB22C33C8200AD4C49 /* Fonts */,
				56650AAC22C022A0005DCBD3 /* Model */,
				56650AAB22C02290005DCBD3 /* View */,
				56650AAD22C022A8005DCBD3 /* Controller */,
				56650A9922C0227B005DCBD3 /* AppDelegate.swift */,
				56650AA522C0227E005DCBD3 /* Info.plist */,
			);
			path = ChaosKitchen;
			sourceTree = "<group>";
		};
		56650AAB22C02290005DCBD3 /* View */ = {
			isa = PBXGroup;
			children = (
				56650A9D22C0227B005DCBD3 /* Main.storyboard */,
				56650AA222C0227E005DCBD3 /* LaunchScreen.storyboard */,
				56650AA022C0227E005DCBD3 /* Assets.xcassets */,
				56648D1A22C340A400AD4C49 /* rounded.swift */,
			);
			path = View;
			sourceTree = "<group>";
		};
		56650AAC22C022A0005DCBD3 /* Model */ = {
			isa = PBXGroup;
			children = (
				56650AAE22C0230B005DCBD3 /* Model.swift */,
				56650AB022C0231E005DCBD3 /* Ingrediente.swift */,
				56650AB222C02328005DCBD3 /* Rceita.swift */,
			);
			path = Model;
			sourceTree = "<group>";
		};
		56650AAD22C022A8005DCBD3 /* Controller */ = {
			isa = PBXGroup;
			children = (
				56650A9B22C0227B005DCBD3 /* ViewController.swift */,
				562F90CA22C0716E00F9EE84 /* CollectionViewCell.swift */,
				5687451B22C14987003F3634 /* ReceitasTableViewController.swift */,
				5687451D22C149D6003F3634 /* TableViewCell.swift */,
				5687451F22C150FD003F3634 /* DetalheViewController.swift */,
				5692086722C534C000F77691 /* FavoritosViewController.swift */,
				5679DCA722C5429000F20605 /* FavoritosCellTableViewCell.swift */,
				5679DCAD22C677A600F20605 /* NavigationViewController.swift */,
			);
			path = Controller;
			sourceTree = "<group>";
		};
/* End PBXGroup section */

/* Begin PBXNativeTarget section */
		56650A9522C0227B005DCBD3 /* ChaosKitchen */ = {
			isa = PBXNativeTarget;
			buildConfigurationList = 56650AA822C0227E005DCBD3 /* Build configuration list for PBXNativeTarget "ChaosKitchen" */;
			buildPhases = (
				56650A9222C0227B005DCBD3 /* Sources */,
				56650A9322C0227B005DCBD3 /* Frameworks */,
				56650A9422C0227B005DCBD3 /* Resources */,
			);
			buildRules = (
			);
			dependencies = (
			);
			name = ChaosKitchen;
			productName = ChaosKitchen;
			productReference = 56650A9622C0227B005DCBD3 /* ChaosKitchen.app */;
			productType = "com.apple.product-type.application";
		};
/* End PBXNativeTarget section */

/* Begin PBXProject section */
		56650A8E22C0227B005DCBD3 /* Project object */ = {
			isa = PBXProject;
			attributes = {
				LastSwiftUpdateCheck = 1020;
				LastUpgradeCheck = 1020;
				ORGANIZATIONNAME = "Gabriel Gazal";
				TargetAttributes = {
					56650A9522C0227B005DCBD3 = {
						CreatedOnToolsVersion = 10.2.1;
					};
				};
			};
			buildConfigurationList = 56650A9122C0227B005DCBD3 /* Build configuration list for PBXProject "ChaosKitchen" */;
			compatibilityVersion = "Xcode 9.3";
			developmentRegion = en;
			hasScannedForEncodings = 0;
			knownRegions = (
				en,
				Base,
			);
			mainGroup = 56650A8D22C0227B005DCBD3;
			productRefGroup = 56650A9722C0227B005DCBD3 /* Products */;
			projectDirPath = "";
			projectRoot = "";
			targets = (
				56650A9522C0227B005DCBD3 /* ChaosKitchen */,
			);
		};
/* End PBXProject section */

/* Begin PBXResourcesBuildPhase section */
		56650A9422C0227B005DCBD3 /* Resources */ = {
			isa = PBXResourcesBuildPhase;
			buildActionMask = 2147483647;
			files = (
				56648D1922C33D8900AD4C49 /* Montserrat-Medium.otf in Resources */,
				56648CCA22C339CC00AD4C49 /* HeadlinerNo.45 DEMO.ttf in Resources */,
				56650AA422C0227E005DCBD3 /* LaunchScreen.storyboard in Resources */,
				56650AA122C0227E005DCBD3 /* Assets.xcassets in Resources */,
				5623464D22C464EC00BB9E63 /* Montserrat-LightItalic.otf in Resources */,
				56648D1822C33D8900AD4C49 /* Montserrat-BoldItalic.otf in Resources */,
				5623464C22C464EC00BB9E63 /* Montserrat-SemiBoldItalic.otf in Resources */,
				56650A9F22C0227B005DCBD3 /* Main.storyboard in Resources */,
				56648D1722C33D8900AD4C49 /* Montserrat-Bold.otf in Resources */,
			);
			runOnlyForDeploymentPostprocessing = 0;
		};
/* End PBXResourcesBuildPhase section */

/* Begin PBXSourcesBuildPhase section */
		56650A9222C0227B005DCBD3 /* Sources */ = {
			isa = PBXSourcesBuildPhase;
			buildActionMask = 2147483647;
			files = (
				56650AB322C02328005DCBD3 /* Rceita.swift in Sources */,
				5679DCAE22C677A600F20605 /* NavigationViewController.swift in Sources */,
				56648D1B22C340A400AD4C49 /* rounded.swift in Sources */,
				5687451E22C149D6003F3634 /* TableViewCell.swift in Sources */,
				56650AAF22C0230B005DCBD3 /* Model.swift in Sources */,
				562F90CB22C0716E00F9EE84 /* CollectionViewCell.swift in Sources */,
				5692086822C534C000F77691 /* FavoritosViewController.swift in Sources */,
				5679DCA822C5429000F20605 /* FavoritosCellTableViewCell.swift in Sources */,
				56650A9C22C0227B005DCBD3 /* ViewController.swift in Sources */,
				5687452022C150FD003F3634 /* DetalheViewController.swift in Sources */,
				5687451C22C14987003F3634 /* ReceitasTableViewController.swift in Sources */,
				56650AB122C0231E005DCBD3 /* Ingrediente.swift in Sources */,
				56650A9A22C0227B005DCBD3 /* AppDelegate.swift in Sources */,
			);
			runOnlyForDeploymentPostprocessing = 0;
		};
/* End PBXSourcesBuildPhase section */

/* Begin PBXVariantGroup section */
		56650A9D22C0227B005DCBD3 /* Main.storyboard */ = {
			isa = PBXVariantGroup;
			children = (
				56650A9E22C0227B005DCBD3 /* Base */,
			);
			name = Main.storyboard;
			sourceTree = "<group>";
		};
		56650AA222C0227E005DCBD3 /* LaunchScreen.storyboard */ = {
			isa = PBXVariantGroup;
			children = (
				56650AA322C0227E005DCBD3 /* Base */,
			);
			name = LaunchScreen.storyboard;
			sourceTree = "<group>";
		};
/* End PBXVariantGroup section */

/* Begin XCBuildConfiguration section */
		56650AA622C0227E005DCBD3 /* Debug */ = {
			isa = XCBuildConfiguration;
			buildSettings = {
				ALWAYS_SEARCH_USER_PATHS = NO;
				CLANG_ANALYZER_NONNULL = YES;
				CLANG_ANALYZER_NUMBER_OBJECT_CONVERSION = YES_AGGRESSIVE;
				CLANG_CXX_LANGUAGE_STANDARD = "gnu++14";
				CLANG_CXX_LIBRARY = "libc++";
				CLANG_ENABLE_MODULES = YES;
				CLANG_ENABLE_OBJC_ARC = YES;
				CLANG_ENABLE_OBJC_WEAK = YES;
				CLANG_WARN_BLOCK_CAPTURE_AUTORELEASING = YES;
				CLANG_WARN_BOOL_CONVERSION = YES;
				CLANG_WARN_COMMA = YES;
				CLANG_WARN_CONSTANT_CONVERSION = YES;
				CLANG_WARN_DEPRECATED_OBJC_IMPLEMENTATIONS = YES;
				CLANG_WARN_DIRECT_OBJC_ISA_USAGE = YES_ERROR;
				CLANG_WARN_DOCUMENTATION_COMMENTS = YES;
				CLANG_WARN_EMPTY_BODY = YES;
				CLANG_WARN_ENUM_CONVERSION = YES;
				CLANG_WARN_INFINITE_RECURSION = YES;
				CLANG_WARN_INT_CONVERSION = YES;
				CLANG_WARN_NON_LITERAL_NULL_CONVERSION = YES;
				CLANG_WARN_OBJC_IMPLICIT_RETAIN_SELF = YES;
				CLANG_WARN_OBJC_LITERAL_CONVERSION = YES;
				CLANG_WARN_OBJC_ROOT_CLASS = YES_ERROR;
				CLANG_WARN_RANGE_LOOP_ANALYSIS = YES;
				CLANG_WARN_STRICT_PROTOTYPES = YES;
				CLANG_WARN_SUSPICIOUS_MOVE = YES;
				CLANG_WARN_UNGUARDED_AVAILABILITY = YES_AGGRESSIVE;
				CLANG_WARN_UNREACHABLE_CODE = YES;
				CLANG_WARN__DUPLICATE_METHOD_MATCH = YES;
				CODE_SIGN_IDENTITY = "iPhone Developer";
				COPY_PHASE_STRIP = NO;
				DEBUG_INFORMATION_FORMAT = dwarf;
				ENABLE_STRICT_OBJC_MSGSEND = YES;
				ENABLE_TESTABILITY = YES;
				GCC_C_LANGUAGE_STANDARD = gnu11;
				GCC_DYNAMIC_NO_PIC = NO;
				GCC_NO_COMMON_BLOCKS = YES;
				GCC_OPTIMIZATION_LEVEL = 0;
				GCC_PREPROCESSOR_DEFINITIONS = (
					"DEBUG=1",
					"$(inherited)",
				);
				GCC_WARN_64_TO_32_BIT_CONVERSION = YES;
				GCC_WARN_ABOUT_RETURN_TYPE = YES_ERROR;
				GCC_WARN_UNDECLARED_SELECTOR = YES;
				GCC_WARN_UNINITIALIZED_AUTOS = YES_AGGRESSIVE;
				GCC_WARN_UNUSED_FUNCTION = YES;
				GCC_WARN_UNUSED_VARIABLE = YES;
				IPHONEOS_DEPLOYMENT_TARGET = 12.2;
				MTL_ENABLE_DEBUG_INFO = INCLUDE_SOURCE;
				MTL_FAST_MATH = YES;
				ONLY_ACTIVE_ARCH = YES;
				SDKROOT = iphoneos;
				SWIFT_ACTIVE_COMPILATION_CONDITIONS = DEBUG;
				SWIFT_OPTIMIZATION_LEVEL = "-Onone";
			};
			name = Debug;
		};
		56650AA722C0227E005DCBD3 /* Release */ = {
			isa = XCBuildConfiguration;
			buildSettings = {
				ALWAYS_SEARCH_USER_PATHS = NO;
				CLANG_ANALYZER_NONNULL = YES;
				CLANG_ANALYZER_NUMBER_OBJECT_CONVERSION = YES_AGGRESSIVE;
				CLANG_CXX_LANGUAGE_STANDARD = "gnu++14";
				CLANG_CXX_LIBRARY = "libc++";
				CLANG_ENABLE_MODULES = YES;
				CLANG_ENABLE_OBJC_ARC = YES;
				CLANG_ENABLE_OBJC_WEAK = YES;
				CLANG_WARN_BLOCK_CAPTURE_AUTORELEASING = YES;
				CLANG_WARN_BOOL_CONVERSION = YES;
				CLANG_WARN_COMMA = YES;
				CLANG_WARN_CONSTANT_CONVERSION = YES;
				CLANG_WARN_DEPRECATED_OBJC_IMPLEMENTATIONS = YES;
				CLANG_WARN_DIRECT_OBJC_ISA_USAGE = YES_ERROR;
				CLANG_WARN_DOCUMENTATION_COMMENTS = YES;
				CLANG_WARN_EMPTY_BODY = YES;
				CLANG_WARN_ENUM_CONVERSION = YES;
				CLANG_WARN_INFINITE_RECURSION = YES;
				CLANG_WARN_INT_CONVERSION = YES;
				CLANG_WARN_NON_LITERAL_NULL_CONVERSION = YES;
				CLANG_WARN_OBJC_IMPLICIT_RETAIN_SELF = YES;
				CLANG_WARN_OBJC_LITERAL_CONVERSION = YES;
				CLANG_WARN_OBJC_ROOT_CLASS = YES_ERROR;
				CLANG_WARN_RANGE_LOOP_ANALYSIS = YES;
				CLANG_WARN_STRICT_PROTOTYPES = YES;
				CLANG_WARN_SUSPICIOUS_MOVE = YES;
				CLANG_WARN_UNGUARDED_AVAILABILITY = YES_AGGRESSIVE;
				CLANG_WARN_UNREACHABLE_CODE = YES;
				CLANG_WARN__DUPLICATE_METHOD_MATCH = YES;
				CODE_SIGN_IDENTITY = "iPhone Developer";
				COPY_PHASE_STRIP = NO;
				DEBUG_INFORMATION_FORMAT = "dwarf-with-dsym";
				ENABLE_NS_ASSERTIONS = NO;
				ENABLE_STRICT_OBJC_MSGSEND = YES;
				GCC_C_LANGUAGE_STANDARD = gnu11;
				GCC_NO_COMMON_BLOCKS = YES;
				GCC_WARN_64_TO_32_BIT_CONVERSION = YES;
				GCC_WARN_ABOUT_RETURN_TYPE = YES_ERROR;
				GCC_WARN_UNDECLARED_SELECTOR = YES;
				GCC_WARN_UNINITIALIZED_AUTOS = YES_AGGRESSIVE;
				GCC_WARN_UNUSED_FUNCTION = YES;
				GCC_WARN_UNUSED_VARIABLE = YES;
				IPHONEOS_DEPLOYMENT_TARGET = 12.2;
				MTL_ENABLE_DEBUG_INFO = NO;
				MTL_FAST_MATH = YES;
				SDKROOT = iphoneos;
				SWIFT_COMPILATION_MODE = wholemodule;
				SWIFT_OPTIMIZATION_LEVEL = "-O";
				VALIDATE_PRODUCT = YES;
			};
			name = Release;
		};
		56650AA922C0227E005DCBD3 /* Debug */ = {
			isa = XCBuildConfiguration;
			buildSettings = {
				ASSETCATALOG_COMPILER_APPICON_NAME = AppIcon;
				CODE_SIGN_STYLE = Automatic;
				DEVELOPMENT_TEAM = 7994PXZY59;
				INFOPLIST_FILE = ChaosKitchen/Info.plist;
				LD_RUNPATH_SEARCH_PATHS = (
					"$(inherited)",
					"@executable_path/Frameworks",
				);
				PRODUCT_BUNDLE_IDENTIFIER = com.gazal.ChaosKitchen;
				PRODUCT_NAME = "$(TARGET_NAME)";
				SWIFT_VERSION = 5.0;
				TARGETED_DEVICE_FAMILY = "1,2";
			};
			name = Debug;
		};
		56650AAA22C0227E005DCBD3 /* Release */ = {
			isa = XCBuildConfiguration;
			buildSettings = {
				ASSETCATALOG_COMPILER_APPICON_NAME = AppIcon;
				CODE_SIGN_STYLE = Automatic;
				DEVELOPMENT_TEAM = 7994PXZY59;
				INFOPLIST_FILE = ChaosKitchen/Info.plist;
				LD_RUNPATH_SEARCH_PATHS = (
					"$(inherited)",
					"@executable_path/Frameworks",
				);
				PRODUCT_BUNDLE_IDENTIFIER = com.gazal.ChaosKitchen;
				PRODUCT_NAME = "$(TARGET_NAME)";
				SWIFT_VERSION = 5.0;
				TARGETED_DEVICE_FAMILY = "1,2";
			};
			name = Release;
		};
/* End XCBuildConfiguration section */

/* Begin XCConfigurationList section */
		56650A9122C0227B005DCBD3 /* Build configuration list for PBXProject "ChaosKitchen" */ = {
			isa = XCConfigurationList;
			buildConfigurations = (
				56650AA622C0227E005DCBD3 /* Debug */,
				56650AA722C0227E005DCBD3 /* Release */,
			);
			defaultConfigurationIsVisible = 0;
			defaultConfigurationName = Release;
		};
		56650AA822C0227E005DCBD3 /* Build configuration list for PBXNativeTarget "ChaosKitchen" */ = {
			isa = XCConfigurationList;
			buildConfigurations = (
				56650AA922C0227E005DCBD3 /* Debug */,
				56650AAA22C0227E005DCBD3 /* Release */,
			);
			defaultConfigurationIsVisible = 0;
			defaultConfigurationName = Release;
		};
/* End XCConfigurationList section */
	};
	rootObject = 56650A8E22C0227B005DCBD3 /* Project object */;
}
